
Microsoft Visual Studio Solution File, Format Version 12.00
# Visual Studio Version 16
VisualStudioVersion = 16.0.29905.134
MinimumVisualStudioVersion = 10.0.40219.1
Project("{8BC9CEB8-8B4A-11D0-8D11-00A0C91BC942}") = "usermode", "usermode.vcxproj", "{4FB042A9-B0BE-4635-8E82-8C2785A7A1E6}"
EndProject
Global
	GlobalSection(SolutionConfigurationPlatforms) = preSolution
		Debug|x64 = Debug|x64
		Debug|x86 = Debug|x86
		Release|x64 = Release|x64
		Release|x86 = Release|x86
	EndGlobalSection
	GlobalSection(ProjectConfigurationPlatforms) = postSolution
		{4FB042A9-B0BE-4635-8E82-8C2785A7A1E6}.Debug|x64.ActiveCfg = Debug|x64
		{4FB042A9-B0BE-4635-8E82-8C2785A7A1E6}.Debug|x64.Build.0 = Debug|x64
		{4FB042A9-B0BE-4635-8E82-8C2785A7A1E6}.Debug|x86.ActiveCfg = Debug|Win32
		{4FB042A9-B0BE-4635-8E82-8C2785A7A1E6}.Debug|x86.Build.0 = Debug|Win32
		{4FB042A9-B0BE-4635-8E82-8C2785A7A1E6}.Release|x64.ActiveCfg = Release|x64
		{4FB042A9-B0BE-4635-8E82-8C2785A7A1E6}.Release|x64.Build.0 = Release|x64
		{4FB042A9-B0BE-4635-8E82-8C2785A7A1E6}.Release|x86.ActiveCfg = Release|Win32
		{4FB042A9-B0BE-4635-8E82-8C2785A7A1E6}.Release|x86.Build.0 = Release|Win32
	EndGlobalSection
	GlobalSection(SolutionProperties) = preSolution
		HideSolutionNode = FALSE
	EndGlobalSection
	GlobalSection(ExtensibilityGlobals) = postSolution
		SolutionGuid = {006015BB-67C3-42E0-A75C-3B57012EBC2D}
	EndGlobalSection
EndGlobal
